{
  "originHash" : "83e5af96052f5e9723519a3d25c98738de2f433a3afc8b3ad4d713470f046f40",
  "pins" : [
    {
      "identity" : "swiftjsonformatter",
      "kind" : "remoteSourceControl",
      "location" : "https://github.com/luin/SwiftJSONFormatter",
      "state" : {
        "revision" : "320e944bb2b54bf6946d5226b4fbb9ae907725af",
        "version" : "2.0.0"
      }
    },
    {
      "identity" : "swiftyjson",
      "kind" : "remoteSourceControl",
      "location" : "https://github.com/SwiftyJSON/SwiftyJSON.git",
      "state" : {
        "revision" : "af76cf3ef710b6ca5f8c05f3a31307d44a3c5828",
        "version" : "5.0.2"
      }
    }
  ],
  "version" : 3
}
